{
    "version": 3,
    "terraform_version": "0.11.10",
    "serial": 2,
    "lineage": "980b33db-3a3a-dc60-e392-f5e3a8f04455",
    "modules": [
        {
            "path": [
                "root"
            ],
            "outputs": {},
            "resources": {
                "aws_default_route_table.tf_private_rt": {
                    "type": "aws_default_route_table",
                    "depends_on": [
                        "aws_vpc.tf_vpc"
                    ],
                    "primary": {
                        "id": "rtb-06f211f80cba4470d",
                        "attributes": {
                            "default_route_table_id": "rtb-06f211f80cba4470d",
                            "id": "rtb-06f211f80cba4470d",
                            "owner_id": "940541082634",
                            "propagating_vgws.#": "0",
                            "route.#": "0",
                            "tags.%": "1",
                            "tags.Name": "tf_private",
                            "vpc_id": "vpc-035b5915880651462"
                        },
                        "meta": {},
                        "tainted": false
                    },
                    "deposed": [],
                    "provider": "provider.aws"
                },
                "aws_internet_gateway.tf_internet_gateway": {
                    "type": "aws_internet_gateway",
                    "depends_on": [
                        "aws_vpc.tf_vpc"
                    ],
                    "primary": {
                        "id": "igw-096cf22b0885111e6",
                        "attributes": {
                            "id": "igw-096cf22b0885111e6",
                            "owner_id": "940541082634",
                            "tags.%": "1",
                            "tags.Name": "tf_igw",
                            "vpc_id": "vpc-035b5915880651462"
                        },
                        "meta": {},
                        "tainted": false
                    },
                    "deposed": [],
                    "provider": "provider.aws"
                },
                "aws_route_table.tf_public_rt": {
                    "type": "aws_route_table",
                    "depends_on": [
                        "aws_internet_gateway.tf_internet_gateway",
                        "aws_vpc.tf_vpc"
                    ],
                    "primary": {
                        "id": "rtb-074a2b11bbb560f9d",
                        "attributes": {
                            "id": "rtb-074a2b11bbb560f9d",
                            "owner_id": "940541082634",
                            "propagating_vgws.#": "0",
                            "route.#": "1",
                            "route.23421826.cidr_block": "0.0.0.0/0",
                            "route.23421826.egress_only_gateway_id": "",
                            "route.23421826.gateway_id": "igw-096cf22b0885111e6",
                            "route.23421826.instance_id": "",
                            "route.23421826.ipv6_cidr_block": "",
                            "route.23421826.nat_gateway_id": "",
                            "route.23421826.network_interface_id": "",
                            "route.23421826.transit_gateway_id": "",
                            "route.23421826.vpc_peering_connection_id": "",
                            "tags.%": "1",
                            "tags.Name": "tf_public",
                            "vpc_id": "vpc-035b5915880651462"
                        },
                        "meta": {},
                        "tainted": false
                    },
                    "deposed": [],
                    "provider": "provider.aws"
                },
                "aws_vpc.tf_vpc": {
                    "type": "aws_vpc",
                    "depends_on": [],
                    "primary": {
                        "id": "vpc-035b5915880651462",
                        "attributes": {
                            "arn": "arn:aws:ec2:us-east-2:940541082634:vpc/vpc-035b5915880651462",
                            "assign_generated_ipv6_cidr_block": "false",
                            "cidr_block": "10.123.0.0/16",
                            "default_network_acl_id": "acl-09c08ed855b61cf0b",
                            "default_route_table_id": "rtb-06f211f80cba4470d",
                            "default_security_group_id": "sg-02843bc082462b420",
                            "dhcp_options_id": "dopt-36661b5e",
                            "enable_dns_hostnames": "true",
                            "enable_dns_support": "true",
                            "id": "vpc-035b5915880651462",
                            "instance_tenancy": "default",
                            "ipv6_association_id": "",
                            "ipv6_cidr_block": "",
                            "main_route_table_id": "rtb-06f211f80cba4470d",
                            "owner_id": "940541082634",
                            "tags.%": "1",
                            "tags.Name": "tf_vpc"
                        },
                        "meta": {
                            "schema_version": "1"
                        },
                        "tainted": false
                    },
                    "deposed": [],
                    "provider": "provider.aws"
                },
                "data.aws_availability_zones.available": {
                    "type": "aws_availability_zones",
                    "depends_on": [],
                    "primary": {
                        "id": "2018-12-08 14:24:01.485318226 +0000 UTC",
                        "attributes": {
                            "id": "2018-12-08 14:24:01.485318226 +0000 UTC",
                            "names.#": "3",
                            "names.0": "us-east-2a",
                            "names.1": "us-east-2b",
                            "names.2": "us-east-2c",
                            "zone_ids.#": "3",
                            "zone_ids.0": "use2-az1",
                            "zone_ids.1": "use2-az2",
                            "zone_ids.2": "use2-az3"
                        },
                        "meta": {},
                        "tainted": false
                    },
                    "deposed": [],
                    "provider": "provider.aws"
                }
            },
            "depends_on": []
        }
    ]
}
