{
    "version": 3,
    "terraform_version": "0.11.10",
    "serial": 3,
    "lineage": "0e0ad114-cb6a-64d4-2070-2d7d16ce59a1",
    "modules": [
        {
            "path": [
                "root"
            ],
            "outputs": {
                "bucketname": {
                    "sensitive": false,
                    "type": "string",
                    "value": "devops-terraform-46853"
                }
            },
            "resources": {
                "aws_s3_bucket.tf_code": {
                    "type": "aws_s3_bucket",
                    "depends_on": [
                        "random_id.tf_bucket_id"
                    ],
                    "primary": {
                        "id": "devops-terraform-46853",
                        "attributes": {
                            "acceleration_status": "",
                            "acl": "private",
                            "arn": "arn:aws:s3:::devops-terraform-46853",
                            "bucket": "devops-terraform-46853",
                            "bucket_domain_name": "devops-terraform-46853.s3.amazonaws.com",
                            "bucket_regional_domain_name": "devops-terraform-46853.s3.us-east-2.amazonaws.com",
                            "cors_rule.#": "0",
                            "force_destroy": "true",
                            "hosted_zone_id": "Z2O1EMRO9K5GLX",
                            "id": "devops-terraform-46853",
                            "lifecycle_rule.#": "0",
                            "logging.#": "0",
                            "region": "us-east-2",
                            "replication_configuration.#": "0",
                            "request_payer": "BucketOwner",
                            "server_side_encryption_configuration.#": "0",
                            "tags.%": "1",
                            "tags.Name": "tf_bucket",
                            "versioning.#": "1",
                            "versioning.0.enabled": "false",
                            "versioning.0.mfa_delete": "false",
                            "website.#": "0"
                        },
                        "meta": {},
                        "tainted": false
                    },
                    "deposed": [],
                    "provider": "provider.aws"
                },
                "random_id.tf_bucket_id": {
                    "type": "random_id",
                    "depends_on": [],
                    "primary": {
                        "id": "twU",
                        "attributes": {
                            "b64": "twU",
                            "b64_std": "twU=",
                            "b64_url": "twU",
                            "byte_length": "2",
                            "dec": "46853",
                            "hex": "b705",
                            "id": "twU"
                        },
                        "meta": {},
                        "tainted": false
                    },
                    "deposed": [],
                    "provider": "provider.random"
                }
            },
            "depends_on": []
        }
    ]
}
